
Microsoft Visual Studio Solution File, Format Version 12.00
Project("{FAE04EC0-301F-11D3-BF4B-00C04F79EFBC}") = "OpenGaussConsoleApp", "OpenGaussConsoleApp\OpenGaussConsoleApp.csproj", "{BDB719C6-49AF-4609-AE4F-058E433D381E}"
EndProject
Project("{FAE04EC0-301F-11D3-BF4B-00C04F79EFBC}") = "OpenGauss.NET", "OpenGauss.NET\OpenGauss.NET.csproj", "{B7058BE6-D860-404F-894D-9F6724E971B6}"
EndProject
Project("{FAE04EC0-301F-11D3-BF4B-00C04F79EFBC}") = "OpenGauss.SourceGenerators", "OpenGauss.SourceGenerators\OpenGauss.SourceGenerators.csproj", "{283308BB-6EBB-44CF-A226-D1CDF84EEE5C}"
EndProject
Project("{2150E333-8FDC-42A3-9474-1A3956D46DE8}") = "SolutionFolder", "SolutionFolder", "{59A93370-F449-4CA4-A989-8B2FD68F2C4C}"
	ProjectSection(SolutionItems) = preProject
		.gitattributes = .gitattributes
		.gitignore = .gitignore
		README.md = README.md
	EndProjectSection
EndProject
Global
	GlobalSection(SolutionConfigurationPlatforms) = preSolution
		Debug|Any CPU = Debug|Any CPU
		Release|Any CPU = Release|Any CPU
	EndGlobalSection
	GlobalSection(ProjectConfigurationPlatforms) = postSolution
		{BDB719C6-49AF-4609-AE4F-058E433D381E}.Debug|Any CPU.ActiveCfg = Debug|Any CPU
		{BDB719C6-49AF-4609-AE4F-058E433D381E}.Debug|Any CPU.Build.0 = Debug|Any CPU
		{BDB719C6-49AF-4609-AE4F-058E433D381E}.Release|Any CPU.ActiveCfg = Release|Any CPU
		{BDB719C6-49AF-4609-AE4F-058E433D381E}.Release|Any CPU.Build.0 = Release|Any CPU
		{B7058BE6-D860-404F-894D-9F6724E971B6}.Debug|Any CPU.ActiveCfg = Debug|Any CPU
		{B7058BE6-D860-404F-894D-9F6724E971B6}.Debug|Any CPU.Build.0 = Debug|Any CPU
		{B7058BE6-D860-404F-894D-9F6724E971B6}.Release|Any CPU.ActiveCfg = Release|Any CPU
		{B7058BE6-D860-404F-894D-9F6724E971B6}.Release|Any CPU.Build.0 = Release|Any CPU
		{283308BB-6EBB-44CF-A226-D1CDF84EEE5C}.Debug|Any CPU.ActiveCfg = Debug|Any CPU
		{283308BB-6EBB-44CF-A226-D1CDF84EEE5C}.Debug|Any CPU.Build.0 = Debug|Any CPU
		{283308BB-6EBB-44CF-A226-D1CDF84EEE5C}.Release|Any CPU.ActiveCfg = Release|Any CPU
		{283308BB-6EBB-44CF-A226-D1CDF84EEE5C}.Release|Any CPU.Build.0 = Release|Any CPU
	EndGlobalSection
EndGlobal
